// !$*UTF8*$!
{
	archiveVersion = 1;
	classes = {
	};
	objectVersion = 50;
	objects = {

/* Begin PBXBuildFile section */
		7ADAF01021747475001C4007 /* AppDelegate.m in Sources */ = {isa = PBXBuildFile; fileRef = 7ADAF00F21747475001C4007 /* AppDelegate.m */; };
		7ADAF01621747475001C4007 /* Main.storyboard in Resources */ = {isa = PBXBuildFile; fileRef = 7ADAF01421747475001C4007 /* Main.storyboard */; };
		7ADAF01821747476001C4007 /* Assets.xcassets in Resources */ = {isa = PBXBuildFile; fileRef = 7ADAF01721747476001C4007 /* Assets.xcassets */; };
		7ADAF01B21747476001C4007 /* LaunchScreen.storyboard in Resources */ = {isa = PBXBuildFile; fileRef = 7ADAF01921747476001C4007 /* LaunchScreen.storyboard */; };
		7ADAF01E21747476001C4007 /* main.m in Sources */ = {isa = PBXBuildFile; fileRef = 7ADAF01D21747476001C4007 /* main.m */; };
		7ADAF0292174755C001C4007 /* DropitBehavier.m in Sources */ = {isa = PBXBuildFile; fileRef = 7ADAF0282174755C001C4007 /* DropitBehavier.m */; };
		7ADAF02C21747B11001C4007 /* DropItViewController.m in Sources */ = {isa = PBXBuildFile; fileRef = 7ADAF02B21747B11001C4007 /* DropItViewController.m */; };
/* End PBXBuildFile section */

/* Begin PBXFileReference section */
		7ADAF00B21747475001C4007 /* DropIt.app */ = {isa = PBXFileReference; explicitFileType = wrapper.application; includeInIndex = 0; path = DropIt.app; sourceTree = BUILT_PRODUCTS_DIR; };
		7ADAF00E21747475001C4007 /* AppDelegate.h */ = {isa = PBXFileReference; lastKnownFileType = sourcecode.c.h; path = AppDelegate.h; sourceTree = "<group>"; };
		7ADAF00F21747475001C4007 /* AppDelegate.m */ = {isa = PBXFileReference; lastKnownFileType = sourcecode.c.objc; path = AppDelegate.m; sourceTree = "<group>"; };
		7ADAF01521747475001C4007 /* Base */ = {isa = PBXFileReference; lastKnownFileType = file.storyboard; name = Base; path = Base.lproj/Main.storyboard; sourceTree = "<group>"; };
		7ADAF01721747476001C4007 /* Assets.xcassets */ = {isa = PBXFileReference; lastKnownFileType = folder.assetcatalog; path = Assets.xcassets; sourceTree = "<group>"; };
		7ADAF01A21747476001C4007 /* Base */ = {isa = PBXFileReference; lastKnownFileType = file.storyboard; name = Base; path = Base.lproj/LaunchScreen.storyboard; sourceTree = "<group>"; };
		7ADAF01C21747476001C4007 /* Info.plist */ = {isa = PBXFileReference; lastKnownFileType = text.plist.xml; path = Info.plist; sourceTree = "<group>"; };
		7ADAF01D21747476001C4007 /* main.m */ = {isa = PBXFileReference; lastKnownFileType = sourcecode.c.objc; path = main.m; sourceTree = "<group>"; };
		7ADAF0272174755C001C4007 /* DropitBehavier.h */ = {isa = PBXFileReference; lastKnownFileType = sourcecode.c.h; path = DropitBehavier.h; sourceTree = "<group>"; };
		7ADAF0282174755C001C4007 /* DropitBehavier.m */ = {isa = PBXFileReference; lastKnownFileType = sourcecode.c.objc; path = DropitBehavier.m; sourceTree = "<group>"; };
		7ADAF02A21747B11001C4007 /* DropItViewController.h */ = {isa = PBXFileReference; lastKnownFileType = sourcecode.c.h; path = DropItViewController.h; sourceTree = "<group>"; };
		7ADAF02B21747B11001C4007 /* DropItViewController.m */ = {isa = PBXFileReference; lastKnownFileType = sourcecode.c.objc; path = DropItViewController.m; sourceTree = "<group>"; };
/* End PBXFileReference section */

/* Begin PBXFrameworksBuildPhase section */
		7ADAF00821747475001C4007 /* Frameworks */ = {
			isa = PBXFrameworksBuildPhase;
			buildActionMask = 2147483647;
			files = (
			);
			runOnlyForDeploymentPostprocessing = 0;
		};
/* End PBXFrameworksBuildPhase section */

/* Begin PBXGroup section */
		7ADAF00221747475001C4007 = {
			isa = PBXGroup;
			children = (
				7ADAF00D21747475001C4007 /* DropIt */,
				7ADAF00C21747475001C4007 /* Products */,
			);
			sourceTree = "<group>";
		};
		7ADAF00C21747475001C4007 /* Products */ = {
			isa = PBXGroup;
			children = (
				7ADAF00B21747475001C4007 /* DropIt.app */,
			);
			name = Products;
			sourceTree = "<group>";
		};
		7ADAF00D21747475001C4007 /* DropIt */ = {
			isa = PBXGroup;
			children = (
				7ADAF02621747497001C4007 /* Controller */,
				7ADAF02521747491001C4007 /* View */,
				7ADAF0242174748D001C4007 /* Model */,
				7ADAF00E21747475001C4007 /* AppDelegate.h */,
				7ADAF00F21747475001C4007 /* AppDelegate.m */,
				7ADAF01721747476001C4007 /* Assets.xcassets */,
				7ADAF01921747476001C4007 /* LaunchScreen.storyboard */,
				7ADAF01C21747476001C4007 /* Info.plist */,
				7ADAF01D21747476001C4007 /* main.m */,
			);
			path = DropIt;
			sourceTree = "<group>";
		};
		7ADAF0242174748D001C4007 /* Model */ = {
			isa = PBXGroup;
			children = (
				7ADAF0272174755C001C4007 /* DropitBehavier.h */,
				7ADAF0282174755C001C4007 /* DropitBehavier.m */,
			);
			path = Model;
			sourceTree = "<group>";
		};
		7ADAF02521747491001C4007 /* View */ = {
			isa = PBXGroup;
			children = (
				7ADAF01421747475001C4007 /* Main.storyboard */,
			);
			path = View;
			sourceTree = "<group>";
		};
		7ADAF02621747497001C4007 /* Controller */ = {
			isa = PBXGroup;
			children = (
				7ADAF02A21747B11001C4007 /* DropItViewController.h */,
				7ADAF02B21747B11001C4007 /* DropItViewController.m */,
			);
			path = Controller;
			sourceTree = "<group>";
		};
/* End PBXGroup section */

/* Begin PBXNativeTarget section */
		7ADAF00A21747475001C4007 /* DropIt */ = {
			isa = PBXNativeTarget;
			buildConfigurationList = 7ADAF02121747477001C4007 /* Build configuration list for PBXNativeTarget "DropIt" */;
			buildPhases = (
				7ADAF00721747475001C4007 /* Sources */,
				7ADAF00821747475001C4007 /* Frameworks */,
				7ADAF00921747475001C4007 /* Resources */,
			);
			buildRules = (
			);
			dependencies = (
			);
			name = DropIt;
			productName = DropIt;
			productReference = 7ADAF00B21747475001C4007 /* DropIt.app */;
			productType = "com.apple.product-type.application";
		};
/* End PBXNativeTarget section */

/* Begin PBXProject section */
		7ADAF00321747475001C4007 /* Project object */ = {
			isa = PBXProject;
			attributes = {
				LastUpgradeCheck = 1000;
				ORGANIZATIONNAME = JihoonPark;
				TargetAttributes = {
					7ADAF00A21747475001C4007 = {
						CreatedOnToolsVersion = 10.0;
					};
				};
			};
			buildConfigurationList = 7ADAF00621747475001C4007 /* Build configuration list for PBXProject "DropIt" */;
			compatibilityVersion = "Xcode 9.3";
			developmentRegion = en;
			hasScannedForEncodings = 0;
			knownRegions = (
				en,
				Base,
			);
			mainGroup = 7ADAF00221747475001C4007;
			productRefGroup = 7ADAF00C21747475001C4007 /* Products */;
			projectDirPath = "";
			projectRoot = "";
			targets = (
				7ADAF00A21747475001C4007 /* DropIt */,
			);
		};
/* End PBXProject section */

/* Begin PBXResourcesBuildPhase section */
		7ADAF00921747475001C4007 /* Resources */ = {
			isa = PBXResourcesBuildPhase;
			buildActionMask = 2147483647;
			files = (
				7ADAF01B21747476001C4007 /* LaunchScreen.storyboard in Resources */,
				7ADAF01821747476001C4007 /* Assets.xcassets in Resources */,
				7ADAF01621747475001C4007 /* Main.storyboard in Resources */,
			);
			runOnlyForDeploymentPostprocessing = 0;
		};
/* End PBXResourcesBuildPhase section */

/* Begin PBXSourcesBuildPhase section */
		7ADAF00721747475001C4007 /* Sources */ = {
			isa = PBXSourcesBuildPhase;
			buildActionMask = 2147483647;
			files = (
				7ADAF01E21747476001C4007 /* main.m in Sources */,
				7ADAF0292174755C001C4007 /* DropitBehavier.m in Sources */,
				7ADAF02C21747B11001C4007 /* DropItViewController.m in Sources */,
				7ADAF01021747475001C4007 /* AppDelegate.m in Sources */,
			);
			runOnlyForDeploymentPostprocessing = 0;
		};
/* End PBXSourcesBuildPhase section */

/* Begin PBXVariantGroup section */
		7ADAF01421747475001C4007 /* Main.storyboard */ = {
			isa = PBXVariantGroup;
			children = (
				7ADAF01521747475001C4007 /* Base */,
			);
			name = Main.storyboard;
			sourceTree = "<group>";
		};
		7ADAF01921747476001C4007 /* LaunchScreen.storyboard */ = {
			isa = PBXVariantGroup;
			children = (
				7ADAF01A21747476001C4007 /* Base */,
			);
			name = LaunchScreen.storyboard;
			sourceTree = "<group>";
		};
/* End PBXVariantGroup section */

/* Begin XCBuildConfiguration section */
		7ADAF01F21747476001C4007 /* Debug */ = {
			isa = XCBuildConfiguration;
			buildSettings = {
				ALWAYS_SEARCH_USER_PATHS = NO;
				CLANG_ANALYZER_NONNULL = YES;
				CLANG_ANALYZER_NUMBER_OBJECT_CONVERSION = YES_AGGRESSIVE;
				CLANG_CXX_LANGUAGE_STANDARD = "gnu++14";
				CLANG_CXX_LIBRARY = "libc++";
				CLANG_ENABLE_MODULES = YES;
				CLANG_ENABLE_OBJC_ARC = YES;
				CLANG_ENABLE_OBJC_WEAK = YES;
				CLANG_WARN_BLOCK_CAPTURE_AUTORELEASING = YES;
				CLANG_WARN_BOOL_CONVERSION = YES;
				CLANG_WARN_COMMA = YES;
				CLANG_WARN_CONSTANT_CONVERSION = YES;
				CLANG_WARN_DEPRECATED_OBJC_IMPLEMENTATIONS = YES;
				CLANG_WARN_DIRECT_OBJC_ISA_USAGE = YES_ERROR;
				CLANG_WARN_DOCUMENTATION_COMMENTS = YES;
				CLANG_WARN_EMPTY_BODY = YES;
				CLANG_WARN_ENUM_CONVERSION = YES;
				CLANG_WARN_INFINITE_RECURSION = YES;
				CLANG_WARN_INT_CONVERSION = YES;
				CLANG_WARN_NON_LITERAL_NULL_CONVERSION = YES;
				CLANG_WARN_OBJC_IMPLICIT_RETAIN_SELF = YES;
				CLANG_WARN_OBJC_LITERAL_CONVERSION = YES;
				CLANG_WARN_OBJC_ROOT_CLASS = YES_ERROR;
				CLANG_WARN_RANGE_LOOP_ANALYSIS = YES;
				CLANG_WARN_STRICT_PROTOTYPES = YES;
				CLANG_WARN_SUSPICIOUS_MOVE = YES;
				CLANG_WARN_UNGUARDED_AVAILABILITY = YES_AGGRESSIVE;
				CLANG_WARN_UNREACHABLE_CODE = YES;
				CLANG_WARN__DUPLICATE_METHOD_MATCH = YES;
				CODE_SIGN_IDENTITY = "iPhone Developer";
				COPY_PHASE_STRIP = NO;
				DEBUG_INFORMATION_FORMAT = dwarf;
				ENABLE_STRICT_OBJC_MSGSEND = YES;
				ENABLE_TESTABILITY = YES;
				GCC_C_LANGUAGE_STANDARD = gnu11;
				GCC_DYNAMIC_NO_PIC = NO;
				GCC_NO_COMMON_BLOCKS = YES;
				GCC_OPTIMIZATION_LEVEL = 0;
				GCC_PREPROCESSOR_DEFINITIONS = (
					"DEBUG=1",
					"$(inherited)",
				);
				GCC_WARN_64_TO_32_BIT_CONVERSION = YES;
				GCC_WARN_ABOUT_RETURN_TYPE = YES_ERROR;
				GCC_WARN_UNDECLARED_SELECTOR = YES;
				GCC_WARN_UNINITIALIZED_AUTOS = YES_AGGRESSIVE;
				GCC_WARN_UNUSED_FUNCTION = YES;
				GCC_WARN_UNUSED_VARIABLE = YES;
				IPHONEOS_DEPLOYMENT_TARGET = 12.0;
				MTL_ENABLE_DEBUG_INFO = INCLUDE_SOURCE;
				MTL_FAST_MATH = YES;
				ONLY_ACTIVE_ARCH = YES;
				SDKROOT = iphoneos;
			};
			name = Debug;
		};
		7ADAF02021747476001C4007 /* Release */ = {
			isa = XCBuildConfiguration;
			buildSettings = {
				ALWAYS_SEARCH_USER_PATHS = NO;
				CLANG_ANALYZER_NONNULL = YES;
				CLANG_ANALYZER_NUMBER_OBJECT_CONVERSION = YES_AGGRESSIVE;
				CLANG_CXX_LANGUAGE_STANDARD = "gnu++14";
				CLANG_CXX_LIBRARY = "libc++";
				CLANG_ENABLE_MODULES = YES;
				CLANG_ENABLE_OBJC_ARC = YES;
				CLANG_ENABLE_OBJC_WEAK = YES;
				CLANG_WARN_BLOCK_CAPTURE_AUTORELEASING = YES;
				CLANG_WARN_BOOL_CONVERSION = YES;
				CLANG_WARN_COMMA = YES;
				CLANG_WARN_CONSTANT_CONVERSION = YES;
				CLANG_WARN_DEPRECATED_OBJC_IMPLEMENTATIONS = YES;
				CLANG_WARN_DIRECT_OBJC_ISA_USAGE = YES_ERROR;
				CLANG_WARN_DOCUMENTATION_COMMENTS = YES;
				CLANG_WARN_EMPTY_BODY = YES;
				CLANG_WARN_ENUM_CONVERSION = YES;
				CLANG_WARN_INFINITE_RECURSION = YES;
				CLANG_WARN_INT_CONVERSION = YES;
				CLANG_WARN_NON_LITERAL_NULL_CONVERSION = YES;
				CLANG_WARN_OBJC_IMPLICIT_RETAIN_SELF = YES;
				CLANG_WARN_OBJC_LITERAL_CONVERSION = YES;
				CLANG_WARN_OBJC_ROOT_CLASS = YES_ERROR;
				CLANG_WARN_RANGE_LOOP_ANALYSIS = YES;
				CLANG_WARN_STRICT_PROTOTYPES = YES;
				CLANG_WARN_SUSPICIOUS_MOVE = YES;
				CLANG_WARN_UNGUARDED_AVAILABILITY = YES_AGGRESSIVE;
				CLANG_WARN_UNREACHABLE_CODE = YES;
				CLANG_WARN__DUPLICATE_METHOD_MATCH = YES;
				CODE_SIGN_IDENTITY = "iPhone Developer";
				COPY_PHASE_STRIP = NO;
				DEBUG_INFORMATION_FORMAT = "dwarf-with-dsym";
				ENABLE_NS_ASSERTIONS = NO;
				ENABLE_STRICT_OBJC_MSGSEND = YES;
				GCC_C_LANGUAGE_STANDARD = gnu11;
				GCC_NO_COMMON_BLOCKS = YES;
				GCC_WARN_64_TO_32_BIT_CONVERSION = YES;
				GCC_WARN_ABOUT_RETURN_TYPE = YES_ERROR;
				GCC_WARN_UNDECLARED_SELECTOR = YES;
				GCC_WARN_UNINITIALIZED_AUTOS = YES_AGGRESSIVE;
				GCC_WARN_UNUSED_FUNCTION = YES;
				GCC_WARN_UNUSED_VARIABLE = YES;
				IPHONEOS_DEPLOYMENT_TARGET = 12.0;
				MTL_ENABLE_DEBUG_INFO = NO;
				MTL_FAST_MATH = YES;
				SDKROOT = iphoneos;
				VALIDATE_PRODUCT = YES;
			};
			name = Release;
		};
		7ADAF02221747477001C4007 /* Debug */ = {
			isa = XCBuildConfiguration;
			buildSettings = {
				ASSETCATALOG_COMPILER_APPICON_NAME = AppIcon;
				CODE_SIGN_STYLE = Automatic;
				DEVELOPMENT_TEAM = Z73D4U4HW8;
				INFOPLIST_FILE = DropIt/Info.plist;
				LD_RUNPATH_SEARCH_PATHS = (
					"$(inherited)",
					"@executable_path/Frameworks",
				);
				PRODUCT_BUNDLE_IDENTIFIER = cnu.201402356.DropIt;
				PRODUCT_NAME = "$(TARGET_NAME)";
				TARGETED_DEVICE_FAMILY = "1,2";
			};
			name = Debug;
		};
		7ADAF02321747477001C4007 /* Release */ = {
			isa = XCBuildConfiguration;
			buildSettings = {
				ASSETCATALOG_COMPILER_APPICON_NAME = AppIcon;
				CODE_SIGN_STYLE = Automatic;
				DEVELOPMENT_TEAM = Z73D4U4HW8;
				INFOPLIST_FILE = DropIt/Info.plist;
				LD_RUNPATH_SEARCH_PATHS = (
					"$(inherited)",
					"@executable_path/Frameworks",
				);
				PRODUCT_BUNDLE_IDENTIFIER = cnu.201402356.DropIt;
				PRODUCT_NAME = "$(TARGET_NAME)";
				TARGETED_DEVICE_FAMILY = "1,2";
			};
			name = Release;
		};
/* End XCBuildConfiguration section */

/* Begin XCConfigurationList section */
		7ADAF00621747475001C4007 /* Build configuration list for PBXProject "DropIt" */ = {
			isa = XCConfigurationList;
			buildConfigurations = (
				7ADAF01F21747476001C4007 /* Debug */,
				7ADAF02021747476001C4007 /* Release */,
			);
			defaultConfigurationIsVisible = 0;
			defaultConfigurationName = Release;
		};
		7ADAF02121747477001C4007 /* Build configuration list for PBXNativeTarget "DropIt" */ = {
			isa = XCConfigurationList;
			buildConfigurations = (
				7ADAF02221747477001C4007 /* Debug */,
				7ADAF02321747477001C4007 /* Release */,
			);
			defaultConfigurationIsVisible = 0;
			defaultConfigurationName = Release;
		};
/* End XCConfigurationList section */
	};
	rootObject = 7ADAF00321747475001C4007 /* Project object */;
}
